version = 1
requires-python = ">=3.12"

[[package]]
name = "bottle"
version = "0.13.1"
source = { registry = "https://pypi.org/simple" }
sdist = { url = "https://files.pythonhosted.org/packages/87/7e/eae463f832f64b3a1cb640384d155079e7dd2905116ab925e9bb04f66e75/bottle-0.13.1.tar.gz", hash = "sha256:a48852dc7a051353d3e4de3dd5590cd25de370bcfd94a72237561e314ceb0c88", size = 836422 }
wheels = [
    { url = "https://files.pythonhosted.org/packages/9d/72/e22b8be6b4fe129f48b1381f262d8cb8a3c0bc18fda3e735f16417bad4b4/bottle-0.13.1-py2.py3-none-any.whl", hash = "sha256:d5e068ad0b4ed3422231ad59bd9ea646a141f57a9c90587212d63477ec04fe96", size = 103790 },
]

[[package]]
name = "certifi"
version = "2024.8.30"
source = { registry = "https://pypi.org/simple" }
sdist = { url = "https://files.pythonhosted.org/packages/b0/ee/9b19140fe824b367c04c5e1b369942dd754c4c5462d5674002f75c4dedc1/certifi-2024.8.30.tar.gz", hash = "sha256:bec941d2aa8195e248a60b31ff9f0558284cf01a52591ceda73ea9afffd69fd9", size = 168507 }
wheels = [
    { url = "https://files.pythonhosted.org/packages/12/90/3c9ff0512038035f59d279fddeb79f5f1eccd8859f06d6163c58798b9487/certifi-2024.8.30-py3-none-any.whl", hash = "sha256:922820b53db7a7257ffbda3f597266d435245903d80737e34f8a45ff3e3230d8", size = 167321 },
]

[[package]]
name = "cffi"
version = "1.17.1"
source = { registry = "https://pypi.org/simple" }
dependencies = [
    { name = "pycparser" },
]
sdist = { url = "https://files.pythonhosted.org/packages/fc/97/c783634659c2920c3fc70419e3af40972dbaf758daa229a7d6ea6135c90d/cffi-1.17.1.tar.gz", hash = "sha256:1c39c6016c32bc48dd54561950ebd6836e1670f2ae46128f67cf49e789c52824", size = 516621 }
wheels = [
    { url = "https://files.pythonhosted.org/packages/86/c5/28b2d6f799ec0bdecf44dced2ec5ed43e0eb63097b0f58c293583b406582/cffi-1.17.1-cp312-cp312-win32.whl", hash = "sha256:a08d7e755f8ed21095a310a693525137cfe756ce62d066e53f502a83dc550f65", size = 172448 },
    { url = "https://files.pythonhosted.org/packages/50/b9/db34c4755a7bd1cb2d1603ac3863f22bcecbd1ba29e5ee841a4bc510b294/cffi-1.17.1-cp312-cp312-win_amd64.whl", hash = "sha256:51392eae71afec0d0c8fb1a53b204dbb3bcabcb3c9b807eedf3e1e6ccf2de903", size = 181976 },
    { url = "https://files.pythonhosted.org/packages/bf/ee/f94057fa6426481d663b88637a9a10e859e492c73d0384514a17d78ee205/cffi-1.17.1-cp313-cp313-win32.whl", hash = "sha256:e03eab0a8677fa80d646b5ddece1cbeaf556c313dcfac435ba11f107ba117b5d", size = 172475 },
    { url = "https://files.pythonhosted.org/packages/7c/fc/6a8cb64e5f0324877d503c854da15d76c1e50eb722e320b15345c4d0c6de/cffi-1.17.1-cp313-cp313-win_amd64.whl", hash = "sha256:f6a16c31041f09ead72d69f583767292f750d24913dadacf5756b966aacb3f1a", size = 182009 },
]

[[package]]
name = "charset-normalizer"
version = "3.3.2"
source = { registry = "https://pypi.org/simple" }
sdist = { url = "https://files.pythonhosted.org/packages/63/09/c1bc53dab74b1816a00d8d030de5bf98f724c52c1635e07681d312f20be8/charset-normalizer-3.3.2.tar.gz", hash = "sha256:f30c3cb33b24454a82faecaf01b19c18562b1e89558fb6c56de4d9118a032fd5", size = 104809 }
wheels = [
    { url = "https://files.pythonhosted.org/packages/d1/b2/fcedc8255ec42afee97f9e6f0145c734bbe104aac28300214593eb326f1d/charset_normalizer-3.3.2-cp312-cp312-macosx_10_9_universal2.whl", hash = "sha256:0b2b64d2bb6d3fb9112bafa732def486049e63de9618b5843bcdd081d8144cd8", size = 192892 },
    { url = "https://files.pythonhosted.org/packages/2e/7d/2259318c202f3d17f3fe6438149b3b9e706d1070fe3fcbb28049730bb25c/charset_normalizer-3.3.2-cp312-cp312-macosx_10_9_x86_64.whl", hash = "sha256:ddbb2551d7e0102e7252db79ba445cdab71b26640817ab1e3e3648dad515003b", size = 122213 },
    { url = "https://files.pythonhosted.org/packages/3a/52/9f9d17c3b54dc238de384c4cb5a2ef0e27985b42a0e5cc8e8a31d918d48d/charset_normalizer-3.3.2-cp312-cp312-macosx_11_0_arm64.whl", hash = "sha256:55086ee1064215781fff39a1af09518bc9255b50d6333f2e4c74ca09fac6a8f6", size = 119404 },
    { url = "https://files.pythonhosted.org/packages/99/b0/9c365f6d79a9f0f3c379ddb40a256a67aa69c59609608fe7feb6235896e1/charset_normalizer-3.3.2-cp312-cp312-manylinux_2_17_aarch64.manylinux2014_aarch64.whl", hash = "sha256:8f4a014bc36d3c57402e2977dada34f9c12300af536839dc38c0beab8878f38a", size = 137275 },
    { url = "https://files.pythonhosted.org/packages/91/33/749df346e93d7a30cdcb90cbfdd41a06026317bfbfb62cd68307c1a3c543/charset_normalizer-3.3.2-cp312-cp312-manylinux_2_17_ppc64le.manylinux2014_ppc64le.whl", hash = "sha256:a10af20b82360ab00827f916a6058451b723b4e65030c5a18577c8b2de5b3389", size = 147518 },
    { url = "https://files.pythonhosted.org/packages/72/1a/641d5c9f59e6af4c7b53da463d07600a695b9824e20849cb6eea8a627761/charset_normalizer-3.3.2-cp312-cp312-manylinux_2_17_s390x.manylinux2014_s390x.whl", hash = "sha256:8d756e44e94489e49571086ef83b2bb8ce311e730092d2c34ca8f7d925cb20aa", size = 140182 },
    { url = "https://files.pythonhosted.org/packages/ee/fb/14d30eb4956408ee3ae09ad34299131fb383c47df355ddb428a7331cfa1e/charset_normalizer-3.3.2-cp312-cp312-manylinux_2_17_x86_64.manylinux2014_x86_64.whl", hash = "sha256:90d558489962fd4918143277a773316e56c72da56ec7aa3dc3dbbe20fdfed15b", size = 141869 },
    { url = "https://files.pythonhosted.org/packages/df/3e/a06b18788ca2eb6695c9b22325b6fde7dde0f1d1838b1792a0076f58fe9d/charset_normalizer-3.3.2-cp312-cp312-manylinux_2_5_i686.manylinux1_i686.manylinux_2_17_i686.manylinux2014_i686.whl", hash = "sha256:6ac7ffc7ad6d040517be39eb591cac5ff87416c2537df6ba3cba3bae290c0fed", size = 144042 },
    { url = "https://files.pythonhosted.org/packages/45/59/3d27019d3b447a88fe7e7d004a1e04be220227760264cc41b405e863891b/charset_normalizer-3.3.2-cp312-cp312-musllinux_1_1_aarch64.whl", hash = "sha256:7ed9e526742851e8d5cc9e6cf41427dfc6068d4f5a3bb03659444b4cabf6bc26", size = 138275 },
    { url = "https://files.pythonhosted.org/packages/7b/ef/5eb105530b4da8ae37d506ccfa25057961b7b63d581def6f99165ea89c7e/charset_normalizer-3.3.2-cp312-cp312-musllinux_1_1_i686.whl", hash = "sha256:8bdb58ff7ba23002a4c5808d608e4e6c687175724f54a5dade5fa8c67b604e4d", size = 144819 },
    { url = "https://files.pythonhosted.org/packages/a2/51/e5023f937d7f307c948ed3e5c29c4b7a3e42ed2ee0b8cdf8f3a706089bf0/charset_normalizer-3.3.2-cp312-cp312-musllinux_1_1_ppc64le.whl", hash = "sha256:6b3251890fff30ee142c44144871185dbe13b11bab478a88887a639655be1068", size = 149415 },
    { url = "https://files.pythonhosted.org/packages/24/9d/2e3ef673dfd5be0154b20363c5cdcc5606f35666544381bee15af3778239/charset_normalizer-3.3.2-cp312-cp312-musllinux_1_1_s390x.whl", hash = "sha256:b4a23f61ce87adf89be746c8a8974fe1c823c891d8f86eb218bb957c924bb143", size = 141212 },
    { url = "https://files.pythonhosted.org/packages/5b/ae/ce2c12fcac59cb3860b2e2d76dc405253a4475436b1861d95fe75bdea520/charset_normalizer-3.3.2-cp312-cp312-musllinux_1_1_x86_64.whl", hash = "sha256:efcb3f6676480691518c177e3b465bcddf57cea040302f9f4e6e191af91174d4", size = 142167 },
    { url = "https://files.pythonhosted.org/packages/ed/3a/a448bf035dce5da359daf9ae8a16b8a39623cc395a2ffb1620aa1bce62b0/charset_normalizer-3.3.2-cp312-cp312-win32.whl", hash = "sha256:d965bba47ddeec8cd560687584e88cf699fd28f192ceb452d1d7ee807c5597b7", size = 93041 },
    { url = "https://files.pythonhosted.org/packages/b6/7c/8debebb4f90174074b827c63242c23851bdf00a532489fba57fef3416e40/charset_normalizer-3.3.2-cp312-cp312-win_amd64.whl", hash = "sha256:96b02a3dc4381e5494fad39be677abcb5e6634bf7b4fa83a6dd3112607547001", size = 100397 },
    { url = "https://files.pythonhosted.org/packages/28/76/e6222113b83e3622caa4bb41032d0b1bf785250607392e1b778aca0b8a7d/charset_normalizer-3.3.2-py3-none-any.whl", hash = "sha256:3e4d1f6587322d2788836a99c69062fbb091331ec940e02d12d179c1d53e25fc", size = 48543 },
]

[[package]]
name = "clr-loader"
version = "0.2.6"
source = { registry = "https://pypi.org/simple" }
dependencies = [
    { name = "cffi" },
]
sdist = { url = "https://files.pythonhosted.org/packages/e1/e6/745f553e29969e7c944bdeed073b93241f84b9471d1ad34d78ab12b49fab/clr_loader-0.2.6.tar.gz", hash = "sha256:019348ae6b6a83c7a406d14537c277cecf7a3a53b263ec342c81ded5845a67ee", size = 44757 }
wheels = [
    { url = "https://files.pythonhosted.org/packages/b3/1a/2801c4e3888aac8fcd4d88d32a1155a778d1c01ca040ae8137d433a39cc6/clr_loader-0.2.6-py3-none-any.whl", hash = "sha256:79bbfee4bf6ac2f4836d89af2c39e0c32dce5d0c062596185aef380f317507a6", size = 51300 },
]

[[package]]
name = "idna"
version = "3.10"
source = { registry = "https://pypi.org/simple" }
sdist = { url = "https://files.pythonhosted.org/packages/f1/70/7703c29685631f5a7590aa73f1f1d3fa9a380e654b86af429e0934a32f7d/idna-3.10.tar.gz", hash = "sha256:12f65c9b470abda6dc35cf8e63cc574b1c52b11df2c86030af0ac09b01b13ea9", size = 190490 }
wheels = [
    { url = "https://files.pythonhosted.org/packages/76/c6/c88e154df9c4e1a2a66ccf0005a88dfb2650c1dffb6f5ce603dfbd452ce3/idna-3.10-py3-none-any.whl", hash = "sha256:946d195a0d259cbba61165e88e65941f16e9b36ea6ddb97f00452bae8b1287d3", size = 70442 },
]

[[package]]
name = "packaging"
version = "24.1"
source = { registry = "https://pypi.org/simple" }
sdist = { url = "https://files.pythonhosted.org/packages/51/65/50db4dda066951078f0a96cf12f4b9ada6e4b811516bf0262c0f4f7064d4/packaging-24.1.tar.gz", hash = "sha256:026ed72c8ed3fcce5bf8950572258698927fd1dbda10a5e981cdf0ac37f4f002", size = 148788 }
wheels = [
    { url = "https://files.pythonhosted.org/packages/08/aa/cc0199a5f0ad350994d660967a8efb233fe0416e4639146c089643407ce6/packaging-24.1-py3-none-any.whl", hash = "sha256:5b8f2217dbdbd2f7f384c41c628544e6d52f2d0f53c6d0c3ea61aa5d1d7ff124", size = 53985 },
]

[[package]]
name = "proxy-tools"
version = "0.1.0"
source = { registry = "https://pypi.org/simple" }
sdist = { url = "https://files.pythonhosted.org/packages/f2/cf/77d3e19b7fabd03895caca7857ef51e4c409e0ca6b37ee6e9f7daa50b642/proxy_tools-0.1.0.tar.gz", hash = "sha256:ccb3751f529c047e2d8a58440d86b205303cf0fe8146f784d1cbcd94f0a28010", size = 2978 }

[[package]]
name = "pycparser"
version = "2.22"
source = { registry = "https://pypi.org/simple" }
sdist = { url = "https://files.pythonhosted.org/packages/1d/b2/31537cf4b1ca988837256c910a668b553fceb8f069bedc4b1c826024b52c/pycparser-2.22.tar.gz", hash = "sha256:491c8be9c040f5390f5bf44a5b07752bd07f56edf992381b05c701439eec10f6", size = 172736 }
wheels = [
    { url = "https://files.pythonhosted.org/packages/13/a3/a812df4e2dd5696d1f351d58b8fe16a405b234ad2886a0dab9183fb78109/pycparser-2.22-py3-none-any.whl", hash = "sha256:c3702b6d3dd8c7abc1afa565d7e63d53a1d0bd86cdc24edd75470f4de499cfcc", size = 117552 },
]

[[package]]
name = "pygame"
version = "2.6.0"
source = { registry = "https://pypi.org/simple" }
sdist = { url = "https://files.pythonhosted.org/packages/72/49/bd2fcbadb6a55bb24284bad4f530189401c99ffc234d51ba54756a776eb2/pygame-2.6.0.tar.gz", hash = "sha256:722d33ae676aa8533c1f955eded966411298831346b8d51a77dad22e46ba3e35", size = 15787643 }
wheels = [
    { url = "https://files.pythonhosted.org/packages/37/15/c6c2d48615927ed44b1f4f4b5a26a9e47522946b68438be7177c3471fc64/pygame-2.6.0-cp312-cp312-macosx_10_9_x86_64.whl", hash = "sha256:b834711ebc8b9d0c2a5f9bfae4403dd277b2c61bcb689e1aa630d01a1ebcf40a", size = 13117982 },
    { url = "https://files.pythonhosted.org/packages/86/bc/70cc481a735b24a02b13256c0de618c6908dcd3561df518abe6f3c0ad24e/pygame-2.6.0-cp312-cp312-macosx_11_0_arm64.whl", hash = "sha256:b5ac288655e8a31a303cc286e79cc57979ed2ba19c3a14042d4b6391c1d3bed2", size = 12383981 },
    { url = "https://files.pythonhosted.org/packages/bd/de/d18d0476dd35c6238cfe66516629ef634976fe0ac9525fa45282f774e219/pygame-2.6.0-cp312-cp312-manylinux_2_17_aarch64.manylinux2014_aarch64.whl", hash = "sha256:d666667b7826b0a7921b8ce0a282ba5281dfa106976c1a3b24e32a0af65ad3b1", size = 13587441 },
    { url = "https://files.pythonhosted.org/packages/e8/1f/d3d6dab1956a7a23cef23900a2cae2c738d4662f04cdc90d12235955a575/pygame-2.6.0-cp312-cp312-manylinux_2_17_i686.manylinux2014_i686.whl", hash = "sha256:fd8848a37a7cee37854c7efb8d451334477c9f8ce7ac339c079e724dc1334a76", size = 14280884 },
    { url = "https://files.pythonhosted.org/packages/70/da/5c71f05e2d76e0d28153a2d8a52f324908849bf02d70958e5b403ca3ab73/pygame-2.6.0-cp312-cp312-manylinux_2_17_x86_64.manylinux2014_x86_64.whl", hash = "sha256:315e7b3c1c573984f549ac5da9778ac4709b3b4e3a4061050d94eab63fa4fe31", size = 13956091 },
    { url = "https://files.pythonhosted.org/packages/2a/16/ec73fd2350df6620f3471c1a7df06bcd392d7ad99823cabe5b82d54b7df8/pygame-2.6.0-cp312-cp312-win32.whl", hash = "sha256:e44bde0840cc21a91c9d368846ac538d106cf0668be1a6030f48df139609d1e8", size = 10383625 },
    { url = "https://files.pythonhosted.org/packages/c2/a2/7a4e02e5833e7391ca4e4e08bdda0bdab6672d8ce3ddee433d50297135ec/pygame-2.6.0-cp312-cp312-win_amd64.whl", hash = "sha256:1c429824b1f881a7a5ce3b5c2014d3d182aa45a22cea33c8347a3971a5446907", size = 10754182 },
]

[[package]]
name = "pyobjc-core"
version = "10.3.1"
source = { registry = "https://pypi.org/simple" }
sdist = { url = "https://files.pythonhosted.org/packages/b7/40/a38d78627bd882d86c447db5a195ff307001ae02c1892962c656f2fd6b83/pyobjc_core-10.3.1.tar.gz", hash = "sha256:b204a80ccc070f9ab3f8af423a3a25a6fd787e228508d00c4c30f8ac538ba720", size = 935027 }
wheels = [
    { url = "https://files.pythonhosted.org/packages/cd/4d/d5d552b209fbca644cf9e0115a4cef8bc5f6726a44303eb7ae8d8a920a9e/pyobjc_core-10.3.1-cp312-cp312-macosx_10_9_universal2.whl", hash = "sha256:6ff5823d13d0a534cdc17fa4ad47cf5bee4846ce0fd27fc40012e12b46db571b", size = 825968 },
    { url = "https://files.pythonhosted.org/packages/2e/8b/341571ac5d625968083cbd718e1af7eac54197ed3d404dfff9467c3a8c88/pyobjc_core-10.3.1-cp313-cp313-macosx_10_13_universal2.whl", hash = "sha256:2581e8e68885bcb0e11ec619e81ef28e08ee3fac4de20d8cc83bc5af5bcf4a90", size = 827410 },
]

[[package]]
name = "pyobjc-framework-cocoa"
version = "10.3.1"
source = { registry = "https://pypi.org/simple" }
dependencies = [
    { name = "pyobjc-core" },
]
sdist = { url = "https://files.pythonhosted.org/packages/a7/6c/b62e31e6e00f24e70b62f680e35a0d663ba14ff7601ae591b5d20e251161/pyobjc_framework_cocoa-10.3.1.tar.gz", hash = "sha256:1cf20714daaa986b488fb62d69713049f635c9d41a60c8da97d835710445281a", size = 4941542 }
wheels = [
    { url = "https://files.pythonhosted.org/packages/29/73/9a913537d6d63758243f76a3d3acbae8eb77705c278eceaf37198e58dcf5/pyobjc_framework_Cocoa-10.3.1-cp312-cp312-macosx_10_9_universal2.whl", hash = "sha256:11b4e0bad4bbb44a4edda128612f03cdeab38644bbf174de0c13129715497296", size = 396183 },
    { url = "https://files.pythonhosted.org/packages/93/1f/b203c35ac17ff50b101433783988b527c1b7d7386c175c9aec1c89da5426/pyobjc_framework_Cocoa-10.3.1-cp313-cp313-macosx_10_13_universal2.whl", hash = "sha256:de5e62e5ccf2871a94acf3bf79646b20ea893cc9db78afa8d1fe1b0d0f7cbdb0", size = 395004 },
]

[[package]]
name = "pyobjc-framework-quartz"
version = "10.3.1"
source = { registry = "https://pypi.org/simple" }
dependencies = [
    { name = "pyobjc-core" },
    { name = "pyobjc-framework-cocoa" },
]
sdist = { url = "https://files.pythonhosted.org/packages/f7/a2/f488d801197b9b4d28d0b8d85947f9e2c8a6e89c5e6d4a828fc7cccfb57a/pyobjc_framework_quartz-10.3.1.tar.gz", hash = "sha256:b6d7e346d735c9a7f147cd78e6da79eeae416a0b7d3874644c83a23786c6f886", size = 3775947 }
wheels = [
    { url = "https://files.pythonhosted.org/packages/0f/08/215f38dbebfca74f49276a9471531f360b4fb7888106f78953909919ca53/pyobjc_framework_Quartz-10.3.1-cp312-cp312-macosx_10_9_universal2.whl", hash = "sha256:ca35f92486869a41847a1703bb176aab8a53dbfd8e678d1f4d68d8e6e1581c71", size = 227195 },
    { url = "https://files.pythonhosted.org/packages/ce/7a/78b512061af37a4466607143a9876192f04c5810b16e4cb097fbbfa02dc5/pyobjc_framework_Quartz-10.3.1-cp313-cp313-macosx_10_13_universal2.whl", hash = "sha256:00a0933267e3a46ea4afcc35d117b2efb920f06de797fa66279c52e7057e3590", size = 226586 },
]

[[package]]
name = "pyobjc-framework-security"
version = "10.3.1"
source = { registry = "https://pypi.org/simple" }
dependencies = [
    { name = "pyobjc-core" },
    { name = "pyobjc-framework-cocoa" },
]
sdist = { url = "https://files.pythonhosted.org/packages/20/db/3fa2a151c53f2d87d9da725948d33f8bb4c7f36d6cb468411ae4b46ad474/pyobjc_framework_security-10.3.1.tar.gz", hash = "sha256:0d4e679a8aebaef9b54bd24e2fe2794ad5c28d601b6d140ed38370594bcb6fa0", size = 252496 }
wheels = [
    { url = "https://files.pythonhosted.org/packages/36/96/f8f714d8eaa7e7741475a53c3e6a06cc550cd996153e5076fe2276e00ad2/pyobjc_framework_Security-10.3.1-cp312-cp312-macosx_10_9_universal2.whl", hash = "sha256:b3daed9661bd80245dd8dbc738a17870226969db27f6dbb3424ec0ebdbb6ba83", size = 41069 },
    { url = "https://files.pythonhosted.org/packages/5a/32/4d233b667ae2b7a9106c4a7ebb2552801cc4474c66f6a23750d13f60e289/pyobjc_framework_Security-10.3.1-cp313-cp313-macosx_10_13_universal2.whl", hash = "sha256:6120e91282985bcec3b44c1bc4f9c26d40cd07b4ac3dc81f745d73c13f8b5523", size = 41021 },
]

[[package]]
name = "pyobjc-framework-webkit"
version = "10.3.1"
source = { registry = "https://pypi.org/simple" }
dependencies = [
    { name = "pyobjc-core" },
    { name = "pyobjc-framework-cocoa" },
]
sdist = { url = "https://files.pythonhosted.org/packages/15/6b/50c1000354e9de966a150b4a41c291c83517eec9bd162f43ea4e55444d64/pyobjc_framework_webkit-10.3.1.tar.gz", hash = "sha256:7ad9f4eb91a6dff39848d9c2ab71f170aeab4b6396bcec8e5a780739f9be4222", size = 610874 }
wheels = [
    { url = "https://files.pythonhosted.org/packages/3b/8b/bddff1733fb4da9b23039b1a51f755a446a127fbab08a6e4fbaae0445510/pyobjc_framework_WebKit-10.3.1-cp36-abi3-macosx_10_13_universal2.whl", hash = "sha256:df52913e4c3cb77d4551d9848e30be01b82cace54cede850c88a7e0ab41a20a9", size = 44518 },
    { url = "https://files.pythonhosted.org/packages/fa/e9/304f8cc6e3a5ac7062c77134e14579ad33941a761b43c97f1be8aa16ad0a/pyobjc_framework_WebKit-10.3.1-cp36-abi3-macosx_10_9_universal2.whl", hash = "sha256:207a7aa57817d3ab3fa033e42ab612f8c00521f13ff2871547c92cd94ed51f85", size = 44626 },
    { url = "https://files.pythonhosted.org/packages/e1/8a/a5bd21238eb1cc5bbc2efc1e3fafad64ec60cd43d728e7d02767b041fe66/pyobjc_framework_WebKit-10.3.1-cp36-abi3-macosx_10_9_x86_64.whl", hash = "sha256:c0d4c1ba0fafae503a8df95e7b6bd4236951ba72508ec62809e37825f382c635", size = 32764 },
    { url = "https://files.pythonhosted.org/packages/77/5a/c9620198d192abc6e8e694301507a3e6c8c76f4d3aac3bac24414f807c95/pyobjc_framework_WebKit-10.3.1-cp36-abi3-macosx_11_0_universal2.whl", hash = "sha256:c8e3334978a1bd927ea14ed73f56d6741561a69d31d082d2b23d1b48446917c8", size = 44697 },
]

[[package]]
name = "pypyengine"
version = "0.1.0"
source = { virtual = "." }
dependencies = [
    { name = "pygame" },
    { name = "pywebview" },
    { name = "requests" },
]

[package.metadata]
requires-dist = [
    { name = "pygame", specifier = ">=2.6.0" },
    { name = "pywebview", specifier = ">=5.2" },
    { name = "requests", specifier = ">=2.32.3" },
]

[[package]]
name = "pythonnet"
version = "3.0.4"
source = { registry = "https://pypi.org/simple" }
dependencies = [
    { name = "clr-loader" },
]
sdist = { url = "https://files.pythonhosted.org/packages/67/2e/106522a6cf5c9f14e464193c777f471342ed39fe516b5b51397e1751f625/pythonnet-3.0.4.tar.gz", hash = "sha256:c92fbcfddd16575f7e75a643302271658b606d8557df7f0132ac240e03cc3a8f", size = 238644 }
wheels = [
    { url = "https://files.pythonhosted.org/packages/25/16/d7e23a4c078d5583aebcaba356bd4db74e780ebf9d544ec004c7db06cb10/pythonnet-3.0.4-py3-none-any.whl", hash = "sha256:a63979eb66293368659849e0a7e0c55cc064c153b62cd540b614ac36895cc598", size = 295661 },
]

[[package]]
name = "pywebview"
version = "5.2"
source = { registry = "https://pypi.org/simple" }
dependencies = [
    { name = "bottle" },
    { name = "proxy-tools" },
    { name = "pyobjc-core", marker = "sys_platform == 'darwin'" },
    { name = "pyobjc-framework-cocoa", marker = "sys_platform == 'darwin'" },
    { name = "pyobjc-framework-quartz", marker = "sys_platform == 'darwin'" },
    { name = "pyobjc-framework-security", marker = "sys_platform == 'darwin'" },
    { name = "pyobjc-framework-webkit", marker = "sys_platform == 'darwin'" },
    { name = "pythonnet", marker = "sys_platform == 'win32'" },
    { name = "qtpy", marker = "sys_platform == 'openbsd6'" },
    { name = "typing-extensions" },
]
sdist = { url = "https://files.pythonhosted.org/packages/2c/c8/76f8ef4823d64e7409e73a4e0624883d99b4b3135bcebffe07332c58d2b1/pywebview-5.2.tar.gz", hash = "sha256:634c6e4547ef3f4de2a35cdaed59464b60fb61247f3f6017d6de4ddc1a2dadc2", size = 437623 }
wheels = [
    { url = "https://files.pythonhosted.org/packages/d7/c7/16f6b1997f8172469db42e0cd567a1a3d52a709c82c9d87eb4f997ec0fb7/pywebview-5.2-py3-none-any.whl", hash = "sha256:07acceb74bfeed2b5bf19b9535f23ed68330ec6488ae63aea4d35290941cad7f", size = 446594 },
]

[[package]]
name = "qtpy"
version = "2.4.1"
source = { registry = "https://pypi.org/simple" }
dependencies = [
    { name = "packaging" },
]
sdist = { url = "https://files.pythonhosted.org/packages/eb/9a/7ce646daefb2f85bf5b9c8ac461508b58fa5dcad6d40db476187fafd0148/QtPy-2.4.1.tar.gz", hash = "sha256:a5a15ffd519550a1361bdc56ffc07fda56a6af7292f17c7b395d4083af632987", size = 65492 }
wheels = [
    { url = "https://files.pythonhosted.org/packages/7e/a9/2146d5117ad8a81185331e0809a6b48933c10171f5bac253c6df9fce991c/QtPy-2.4.1-py3-none-any.whl", hash = "sha256:1c1d8c4fa2c884ae742b069151b0abe15b3f70491f3972698c683b8e38de839b", size = 93500 },
]

[[package]]
name = "requests"
version = "2.32.3"
source = { registry = "https://pypi.org/simple" }
dependencies = [
    { name = "certifi" },
    { name = "charset-normalizer" },
    { name = "idna" },
    { name = "urllib3" },
]
sdist = { url = "https://files.pythonhosted.org/packages/63/70/2bf7780ad2d390a8d301ad0b550f1581eadbd9a20f896afe06353c2a2913/requests-2.32.3.tar.gz", hash = "sha256:55365417734eb18255590a9ff9eb97e9e1da868d4ccd6402399eaf68af20a760", size = 131218 }
wheels = [
    { url = "https://files.pythonhosted.org/packages/f9/9b/335f9764261e915ed497fcdeb11df5dfd6f7bf257d4a6a2a686d80da4d54/requests-2.32.3-py3-none-any.whl", hash = "sha256:70761cfe03c773ceb22aa2f671b4757976145175cdfca038c02654d061d6dcc6", size = 64928 },
]

[[package]]
name = "typing-extensions"
version = "4.12.2"
source = { registry = "https://pypi.org/simple" }
sdist = { url = "https://files.pythonhosted.org/packages/df/db/f35a00659bc03fec321ba8bce9420de607a1d37f8342eee1863174c69557/typing_extensions-4.12.2.tar.gz", hash = "sha256:1a7ead55c7e559dd4dee8856e3a88b41225abfe1ce8df57b7c13915fe121ffb8", size = 85321 }
wheels = [
    { url = "https://files.pythonhosted.org/packages/26/9f/ad63fc0248c5379346306f8668cda6e2e2e9c95e01216d2b8ffd9ff037d0/typing_extensions-4.12.2-py3-none-any.whl", hash = "sha256:04e5ca0351e0f3f85c6853954072df659d0d13fac324d0072316b67d7794700d", size = 37438 },
]

[[package]]
name = "urllib3"
version = "2.2.3"
source = { registry = "https://pypi.org/simple" }
sdist = { url = "https://files.pythonhosted.org/packages/ed/63/22ba4ebfe7430b76388e7cd448d5478814d3032121827c12a2cc287e2260/urllib3-2.2.3.tar.gz", hash = "sha256:e7d814a81dad81e6caf2ec9fdedb284ecc9c73076b62654547cc64ccdcae26e9", size = 300677 }
wheels = [
    { url = "https://files.pythonhosted.org/packages/ce/d9/5f4c13cecde62396b0d3fe530a50ccea91e7dfc1ccf0e09c228841bb5ba8/urllib3-2.2.3-py3-none-any.whl", hash = "sha256:ca899ca043dcb1bafa3e262d73aa25c465bfb49e0bd9dd5d59f1d0acba2f8fac", size = 126338 },
]
